
Microsoft Visual Studio Solution File, Format Version 12.00
# Visual Studio Version 16
VisualStudioVersion = 16.0.29424.173
MinimumVisualStudioVersion = 10.0.40219.1
Project("{2150E333-8FDC-42A3-9474-1A3956D46DE8}") = "src", "src", "{FC067DA7-7792-4D8E-92A7-F51C6A0FD1A0}"
EndProject
Project("{9A19103F-16F7-4668-BE54-9A1E7A4F7556}") = "ThinkerThings.Services.Account.Api", "src\ThinkerThings.Services.Account.Api\ThinkerThings.Services.Account.Api.csproj", "{602DDAFB-1CF3-4A70-9B98-4A252AB97862}"
EndProject
Project("{2150E333-8FDC-42A3-9474-1A3956D46DE8}") = "Solution Items", "Solution Items", "{6597F4A0-5B7B-41B4-BC2E-55B6D4B76156}"
	ProjectSection(SolutionItems) = preProject
		.gitattributes = .gitattributes
		.gitignore = .gitignore
	EndProjectSection
EndProject
Global
	GlobalSection(SolutionConfigurationPlatforms) = preSolution
		Debug|Any CPU = Debug|Any CPU
		Release|Any CPU = Release|Any CPU
	EndGlobalSection
	GlobalSection(ProjectConfigurationPlatforms) = postSolution
		{602DDAFB-1CF3-4A70-9B98-4A252AB97862}.Debug|Any CPU.ActiveCfg = Debug|Any CPU
		{602DDAFB-1CF3-4A70-9B98-4A252AB97862}.Debug|Any CPU.Build.0 = Debug|Any CPU
		{602DDAFB-1CF3-4A70-9B98-4A252AB97862}.Release|Any CPU.ActiveCfg = Release|Any CPU
		{602DDAFB-1CF3-4A70-9B98-4A252AB97862}.Release|Any CPU.Build.0 = Release|Any CPU
	EndGlobalSection
	GlobalSection(SolutionProperties) = preSolution
		HideSolutionNode = FALSE
	EndGlobalSection
	GlobalSection(NestedProjects) = preSolution
		{602DDAFB-1CF3-4A70-9B98-4A252AB97862} = {FC067DA7-7792-4D8E-92A7-F51C6A0FD1A0}
	EndGlobalSection
	GlobalSection(ExtensibilityGlobals) = postSolution
		SolutionGuid = {09BF69C0-D813-4BE7-B6DC-7D4E292B95FE}
	EndGlobalSection
EndGlobal
